<?xml version="1.0" encoding="utf-8"?>
<Project ToolsVersion="4.0" xmlns="http://schemas.microsoft.com/developer/msbuild/2003">
  <ItemGroup>
    <Filter Include="소스 파일">
      <UniqueIdentifier>{4FC737F1-C7A5-4376-A066-2A32D752A2FF}</UniqueIdentifier>
      <Extensions>cpp;c;cc;cxx;c++;cppm;ixx;def;odl;idl;hpj;bat;asm;asmx</Extensions>
    </Filter>
    <Filter Include="헤더 파일">
      <UniqueIdentifier>{93995380-89BD-4b04-88EB-625FBE52EBFB}</UniqueIdentifier>
      <Extensions>h;hh;hpp;hxx;h++;hm;inl;inc;ipp;xsd</Extensions>
    </Filter>
    <Filter Include="리소스 파일">
      <UniqueIdentifier>{67DA6AB6-F800-4c08-8B7A-83BB121AAD01}</UniqueIdentifier>
      <Extensions>rc;ico;cur;bmp;dlg;rc2;rct;bin;rgs;gif;jpg;jpeg;jpe;resx;tiff;tif;png;wav;mfcribbon-ms</Extensions>
    </Filter>
    <Filter Include="소스 파일\탄환">
      <UniqueIdentifier>{52a7d271-3eff-4249-9688-e300b72a58bc}</UniqueIdentifier>
    </Filter>
    <Filter Include="소스 파일\탄환\기본">
      <UniqueIdentifier>{b9cf6d3c-30d1-4efe-902e-ff0b4bba5006}</UniqueIdentifier>
    </Filter>
    <Filter Include="소스 파일\유닛">
      <UniqueIdentifier>{281b014f-da43-456e-a887-e9f1680af3be}</UniqueIdentifier>
    </Filter>
    <Filter Include="소스 파일\2D Framework">
      <UniqueIdentifier>{f52c423d-8a2c-49ac-af37-a8e44991654a}</UniqueIdentifier>
    </Filter>
  </ItemGroup>
  <ItemGroup>
    <ClCompile Include="main.cpp">
      <Filter>소스 파일</Filter>
    </ClCompile>
    <ClCompile Include="ShotgunBullet.cpp">
      <Filter>소스 파일\탄환</Filter>
    </ClCompile>
    <ClCompile Include="Bullet.cpp">
      <Filter>소스 파일\탄환\기본</Filter>
    </ClCompile>
    <ClCompile Include="Tank.cpp">
      <Filter>소스 파일\유닛</Filter>
    </ClCompile>
    <ClCompile Include="Enemy.cpp">
      <Filter>소스 파일\유닛</Filter>
    </ClCompile>
    <ClCompile Include="GuideBullet.cpp">
      <Filter>소스 파일\탄환</Filter>
    </ClCompile>
    <ClCompile Include="SpecialBullet.cpp">
      <Filter>소스 파일\탄환</Filter>
    </ClCompile>
    <ClCompile Include="KeyManager.cpp">
      <Filter>소스 파일\2D Framework</Filter>
    </ClCompile>
    <ClCompile Include="MainGame.cpp">
      <Filter>소스 파일\2D Framework</Filter>
    </ClCompile>
    <ClCompile Include="Image.cpp">
      <Filter>소스 파일\2D Framework</Filter>
    </ClCompile>
    <ClCompile Include="Iori.cpp">
      <Filter>소스 파일\유닛</Filter>
    </ClCompile>
    <ClCompile Include="Charactor.cpp">
      <Filter>소스 파일\유닛</Filter>
    </ClCompile>
  </ItemGroup>
  <ItemGroup>
    <ClInclude Include="Main.h">
      <Filter>헤더 파일</Filter>
    </ClInclude>
    <ClInclude Include="Config.h">
      <Filter>헤더 파일</Filter>
    </ClInclude>
    <ClInclude Include="ShotgunBullet.h">
      <Filter>소스 파일\탄환</Filter>
    </ClInclude>
    <ClInclude Include="Bullet.h">
      <Filter>소스 파일\탄환\기본</Filter>
    </ClInclude>
    <ClInclude Include="Enemy.h">
      <Filter>소스 파일\유닛</Filter>
    </ClInclude>
    <ClInclude Include="Tank.h">
      <Filter>소스 파일\유닛</Filter>
    </ClInclude>
    <ClInclude Include="GuideBullet.h">
      <Filter>소스 파일\탄환</Filter>
    </ClInclude>
    <ClInclude Include="SpecialBullet.h">
      <Filter>소스 파일\탄환</Filter>
    </ClInclude>
    <ClInclude Include="GameNode.h">
      <Filter>소스 파일\2D Framework</Filter>
    </ClInclude>
    <ClInclude Include="MainGame.h">
      <Filter>소스 파일\2D Framework</Filter>
    </ClInclude>
    <ClInclude Include="Singleton.h">
      <Filter>소스 파일\2D Framework</Filter>
    </ClInclude>
    <ClInclude Include="KeyManager.h">
      <Filter>소스 파일\2D Framework</Filter>
    </ClInclude>
    <ClInclude Include="Image.h">
      <Filter>소스 파일\2D Framework</Filter>
    </ClInclude>
    <ClInclude Include="resource.h">
      <Filter>헤더 파일</Filter>
    </ClInclude>
    <ClInclude Include="Iori.h">
      <Filter>소스 파일\유닛</Filter>
    </ClInclude>
    <ClInclude Include="Charactor.h">
      <Filter>소스 파일\유닛</Filter>
    </ClInclude>
  </ItemGroup>
  <ItemGroup>
    <ResourceCompile Include="210317_WinAPI.rc">
      <Filter>리소스 파일</Filter>
    </ResourceCompile>
  </ItemGroup>
</Project>